
Microsoft Visual Studio Solution File, Format Version 11.00
# Visual Studio 2010
Project("{FAE04EC0-301F-11D3-BF4B-00C04F79EFBC}") = "log4net", "log4net\log4net.csproj", "{8DE52859-8B87-45A1-851A-F87FE80BE54D}"
EndProject
Project("{FAE04EC0-301F-11D3-BF4B-00C04F79EFBC}") = "Newtonsoft.Json", "Newtonsoft.Json\Newtonsoft.Json.csproj", "{8DE52859-8B87-45A1-851A-F87FE80BE54E}"
EndProject
Project("{FAE04EC0-301F-11D3-BF4B-00C04F79EFBC}") = "SharpDX.DXGI", "SharpDX.DXGI\SharpDX.DXGI.csproj", "{8DE52859-8B87-45A1-851A-F87FE80BE54F}"
EndProject
Global
	GlobalSection(SolutionConfigurationPlatforms) = preSolution
		Debug|Any CPU = Debug|Any CPU
		Release|Any CPU = Release|Any CPU
	EndGlobalSection
	GlobalSection(ProjectConfigurationPlatforms) = postSolution
		{8DE52859-8B87-45A1-851A-F87FE80BE54D}.Debug|Any CPU.ActiveCfg = Debug|Any CPU
		{8DE52859-8B87-45A1-851A-F87FE80BE54D}.Debug|Any CPU.Build.0 = Debug|Any CPU
		{8DE52859-8B87-45A1-851A-F87FE80BE54D}.Release|Any CPU.ActiveCfg = Release|Any CPU
		{8DE52859-8B87-45A1-851A-F87FE80BE54D}.Release|Any CPU.Build.0 = Release|Any CPU
		{8DE52859-8B87-45A1-851A-F87FE80BE54E}.Debug|Any CPU.ActiveCfg = Debug|Any CPU
		{8DE52859-8B87-45A1-851A-F87FE80BE54E}.Debug|Any CPU.Build.0 = Debug|Any CPU
		{8DE52859-8B87-45A1-851A-F87FE80BE54E}.Release|Any CPU.ActiveCfg = Release|Any CPU
		{8DE52859-8B87-45A1-851A-F87FE80BE54E}.Release|Any CPU.Build.0 = Release|Any CPU
		{8DE52859-8B87-45A1-851A-F87FE80BE54F}.Debug|Any CPU.ActiveCfg = Debug|Any CPU
		{8DE52859-8B87-45A1-851A-F87FE80BE54F}.Debug|Any CPU.Build.0 = Debug|Any CPU
		{8DE52859-8B87-45A1-851A-F87FE80BE54F}.Release|Any CPU.ActiveCfg = Release|Any CPU
		{8DE52859-8B87-45A1-851A-F87FE80BE54F}.Release|Any CPU.Build.0 = Release|Any CPU
	EndGlobalSection
	GlobalSection(SolutionProperties) = preSolution
		HideSolutionNode = FALSE
	EndGlobalSection
EndGlobal
